
Microsoft Visual Studio Solution File, Format Version 12.00
# Visual Studio Version 17
VisualStudioVersion = 17.12.35514.174
MinimumVisualStudioVersion = 10.0.40219.1
Project("{FAE04EC0-301F-11D3-BF4B-00C04F79EFBC}") = "FeedbackApp.Api", "FeedBackApp.API\FeedbackApp.Api.csproj", "{14292089-4BB3-404B-9FAE-1641B79C2F00}"
EndProject
Project("{FAE04EC0-301F-11D3-BF4B-00C04F79EFBC}") = "FeedbackApp.Application", "FeedbackApp.Application\FeedbackApp.Application.csproj", "{6C3738D7-3108-4B65-B8D8-FFEFFDAFB298}"
EndProject
Project("{FAE04EC0-301F-11D3-BF4B-00C04F79EFBC}") = "FeedbackApp.Infrastructure", "FeedbackApp.Infrastructure\FeedbackApp.Infrastructure.csproj", "{1D459859-19E0-4E46-9EEF-1C6EA5253841}"
EndProject
Project("{FAE04EC0-301F-11D3-BF4B-00C04F79EFBC}") = "FeedbackApp.WorkerService", "FeedbackApp.WorkerService\FeedbackApp.WorkerService.csproj", "{22F25FF4-C3EE-457C-BF7C-17B864CDB5FD}"
EndProject
Global
	GlobalSection(SolutionConfigurationPlatforms) = preSolution
		Debug|Any CPU = Debug|Any CPU
		Release|Any CPU = Release|Any CPU
	EndGlobalSection
	GlobalSection(ProjectConfigurationPlatforms) = postSolution
		{14292089-4BB3-404B-9FAE-1641B79C2F00}.Debug|Any CPU.ActiveCfg = Debug|Any CPU
		{14292089-4BB3-404B-9FAE-1641B79C2F00}.Debug|Any CPU.Build.0 = Debug|Any CPU
		{14292089-4BB3-404B-9FAE-1641B79C2F00}.Release|Any CPU.ActiveCfg = Release|Any CPU
		{14292089-4BB3-404B-9FAE-1641B79C2F00}.Release|Any CPU.Build.0 = Release|Any CPU
		{6C3738D7-3108-4B65-B8D8-FFEFFDAFB298}.Debug|Any CPU.ActiveCfg = Debug|Any CPU
		{6C3738D7-3108-4B65-B8D8-FFEFFDAFB298}.Debug|Any CPU.Build.0 = Debug|Any CPU
		{6C3738D7-3108-4B65-B8D8-FFEFFDAFB298}.Release|Any CPU.ActiveCfg = Release|Any CPU
		{6C3738D7-3108-4B65-B8D8-FFEFFDAFB298}.Release|Any CPU.Build.0 = Release|Any CPU
		{1D459859-19E0-4E46-9EEF-1C6EA5253841}.Debug|Any CPU.ActiveCfg = Debug|Any CPU
		{1D459859-19E0-4E46-9EEF-1C6EA5253841}.Debug|Any CPU.Build.0 = Debug|Any CPU
		{1D459859-19E0-4E46-9EEF-1C6EA5253841}.Release|Any CPU.ActiveCfg = Release|Any CPU
		{1D459859-19E0-4E46-9EEF-1C6EA5253841}.Release|Any CPU.Build.0 = Release|Any CPU
		{22F25FF4-C3EE-457C-BF7C-17B864CDB5FD}.Debug|Any CPU.ActiveCfg = Debug|Any CPU
		{22F25FF4-C3EE-457C-BF7C-17B864CDB5FD}.Debug|Any CPU.Build.0 = Debug|Any CPU
		{22F25FF4-C3EE-457C-BF7C-17B864CDB5FD}.Release|Any CPU.ActiveCfg = Release|Any CPU
		{22F25FF4-C3EE-457C-BF7C-17B864CDB5FD}.Release|Any CPU.Build.0 = Release|Any CPU
	EndGlobalSection
	GlobalSection(SolutionProperties) = preSolution
		HideSolutionNode = FALSE
	EndGlobalSection
EndGlobal
